
Microsoft Visual Studio Solution File, Format Version 12.00
# Visual Studio Version 16
VisualStudioVersion = 25.0.1706.13
MinimumVisualStudioVersion = 10.0.40219.1
Project("{FAE04EC0-301F-11D3-BF4B-00C04F79EFBC}") = "LakshitaElegance", "LakshitaElegance\LakshitaElegance.csproj", "{7D7826C1-8D9C-4429-A240-F08B87F8136A}"
EndProject
Global
	GlobalSection(SolutionConfigurationPlatforms) = preSolution
		Debug|Any CPU = Debug|Any CPU
		Release|Any CPU = Release|Any CPU
	EndGlobalSection
	GlobalSection(ProjectConfigurationPlatforms) = postSolution
		{7D7826C1-8D9C-4429-A240-F08B87F8136A}.Debug|Any CPU.ActiveCfg = Debug|Any CPU
		{7D7826C1-8D9C-4429-A240-F08B87F8136A}.Debug|Any CPU.Build.0 = Debug|Any CPU
		{7D7826C1-8D9C-4429-A240-F08B87F8136A}.Release|Any CPU.ActiveCfg = Release|Any CPU
		{7D7826C1-8D9C-4429-A240-F08B87F8136A}.Release|Any CPU.Build.0 = Release|Any CPU
	EndGlobalSection
	GlobalSection(SolutionProperties) = preSolution
		HideSolutionNode = FALSE
	EndGlobalSection
	GlobalSection(ExtensibilityGlobals) = postSolution
		SolutionGuid = {36973D61-3DB0-42A5-ACD3-E781D94EF991}
	EndGlobalSection
EndGlobal
